
Microsoft Visual Studio Solution File, Format Version 12.00
# Visual Studio Version 17
VisualStudioVersion = 17.4.33213.308
MinimumVisualStudioVersion = 10.0.40219.1
Project("{9A19103F-16F7-4668-BE54-9A1E7A4F7556}") = "ApiCompras", "ApiCompras.csproj", "{09FAE5DF-3D23-4D9D-9AE2-E379880C670D}"
EndProject
Project("{9A19103F-16F7-4668-BE54-9A1E7A4F7556}") = "DomainLayer.Compras", "..\Domain.Compras\DomainLayer.Compras.csproj", "{63816BCA-0F81-415B-B3B9-552A374DFB37}"
EndProject
Project("{9A19103F-16F7-4668-BE54-9A1E7A4F7556}") = "InfrastructureLayer.Compras", "..\Infrastructure.Compras\InfrastructureLayer.Compras.csproj", "{2416E6B2-5CE0-433D-8E0E-1AB3EE375168}"
EndProject
Project("{9A19103F-16F7-4668-BE54-9A1E7A4F7556}") = "ApplicationLayer.Compras", "..\Application.Compras\ApplicationLayer.Compras.csproj", "{F7A0F6C0-6064-4E2A-8189-66ED066920FD}"
EndProject
Global
	GlobalSection(SolutionConfigurationPlatforms) = preSolution
		Debug|Any CPU = Debug|Any CPU
		Release|Any CPU = Release|Any CPU
	EndGlobalSection
	GlobalSection(ProjectConfigurationPlatforms) = postSolution
		{09FAE5DF-3D23-4D9D-9AE2-E379880C670D}.Debug|Any CPU.ActiveCfg = Debug|Any CPU
		{09FAE5DF-3D23-4D9D-9AE2-E379880C670D}.Debug|Any CPU.Build.0 = Debug|Any CPU
		{09FAE5DF-3D23-4D9D-9AE2-E379880C670D}.Release|Any CPU.ActiveCfg = Release|Any CPU
		{09FAE5DF-3D23-4D9D-9AE2-E379880C670D}.Release|Any CPU.Build.0 = Release|Any CPU
		{63816BCA-0F81-415B-B3B9-552A374DFB37}.Debug|Any CPU.ActiveCfg = Debug|Any CPU
		{63816BCA-0F81-415B-B3B9-552A374DFB37}.Debug|Any CPU.Build.0 = Debug|Any CPU
		{63816BCA-0F81-415B-B3B9-552A374DFB37}.Release|Any CPU.ActiveCfg = Release|Any CPU
		{63816BCA-0F81-415B-B3B9-552A374DFB37}.Release|Any CPU.Build.0 = Release|Any CPU
		{2416E6B2-5CE0-433D-8E0E-1AB3EE375168}.Debug|Any CPU.ActiveCfg = Debug|Any CPU
		{2416E6B2-5CE0-433D-8E0E-1AB3EE375168}.Debug|Any CPU.Build.0 = Debug|Any CPU
		{2416E6B2-5CE0-433D-8E0E-1AB3EE375168}.Release|Any CPU.ActiveCfg = Release|Any CPU
		{2416E6B2-5CE0-433D-8E0E-1AB3EE375168}.Release|Any CPU.Build.0 = Release|Any CPU
		{F7A0F6C0-6064-4E2A-8189-66ED066920FD}.Debug|Any CPU.ActiveCfg = Debug|Any CPU
		{F7A0F6C0-6064-4E2A-8189-66ED066920FD}.Debug|Any CPU.Build.0 = Debug|Any CPU
		{F7A0F6C0-6064-4E2A-8189-66ED066920FD}.Release|Any CPU.ActiveCfg = Release|Any CPU
		{F7A0F6C0-6064-4E2A-8189-66ED066920FD}.Release|Any CPU.Build.0 = Release|Any CPU
	EndGlobalSection
	GlobalSection(SolutionProperties) = preSolution
		HideSolutionNode = FALSE
	EndGlobalSection
	GlobalSection(ExtensibilityGlobals) = postSolution
		SolutionGuid = {3746E25B-E5B1-4EB9-8D8B-6249A01069E0}
	EndGlobalSection
EndGlobal
